// !$*UTF8*$!
{
	archiveVersion = 1;
	classes = {
	};
	objectVersion = 50;
	objects = {

/* Begin PBXBuildFile section */
		57DACDA220D48CCE009EFA5F /* Projeto2Tests.swift in Sources */ = {isa = PBXBuildFile; fileRef = 57DACDA120D48CCE009EFA5F /* Projeto2Tests.swift */; };
		57DACDAD20D48CCE009EFA5F /* Projeto2UITests.swift in Sources */ = {isa = PBXBuildFile; fileRef = 57DACDAC20D48CCE009EFA5F /* Projeto2UITests.swift */; };
/* End PBXBuildFile section */

/* Begin PBXContainerItemProxy section */
		57DACD9E20D48CCE009EFA5F /* PBXContainerItemProxy */ = {
			isa = PBXContainerItemProxy;
			containerPortal = 57DACD8120D48CCC009EFA5F /* Project object */;
			proxyType = 1;
			remoteGlobalIDString = 57DACD8820D48CCC009EFA5F;
			remoteInfo = Projeto2;
		};
		57DACDA920D48CCE009EFA5F /* PBXContainerItemProxy */ = {
			isa = PBXContainerItemProxy;
			containerPortal = 57DACD8120D48CCC009EFA5F /* Project object */;
			proxyType = 1;
			remoteGlobalIDString = 57DACD8820D48CCC009EFA5F;
			remoteInfo = Projeto2;
		};
/* End PBXContainerItemProxy section */

/* Begin PBXFileReference section */
		57DACD8920D48CCC009EFA5F /* Projeto2.app */ = {isa = PBXFileReference; explicitFileType = wrapper.application; includeInIndex = 0; path = Projeto2.app; sourceTree = BUILT_PRODUCTS_DIR; };
		57DACD9D20D48CCE009EFA5F /* Projeto2Tests.xctest */ = {isa = PBXFileReference; explicitFileType = wrapper.cfbundle; includeInIndex = 0; path = Projeto2Tests.xctest; sourceTree = BUILT_PRODUCTS_DIR; };
		57DACDA120D48CCE009EFA5F /* Projeto2Tests.swift */ = {isa = PBXFileReference; lastKnownFileType = sourcecode.swift; path = Projeto2Tests.swift; sourceTree = "<group>"; };
		57DACDA320D48CCE009EFA5F /* Info.plist */ = {isa = PBXFileReference; lastKnownFileType = text.plist.xml; path = Info.plist; sourceTree = "<group>"; };
		57DACDA820D48CCE009EFA5F /* Projeto2UITests.xctest */ = {isa = PBXFileReference; explicitFileType = wrapper.cfbundle; includeInIndex = 0; path = Projeto2UITests.xctest; sourceTree = BUILT_PRODUCTS_DIR; };
		57DACDAC20D48CCE009EFA5F /* Projeto2UITests.swift */ = {isa = PBXFileReference; lastKnownFileType = sourcecode.swift; path = Projeto2UITests.swift; sourceTree = "<group>"; };
		57DACDAE20D48CCE009EFA5F /* Info.plist */ = {isa = PBXFileReference; lastKnownFileType = text.plist.xml; path = Info.plist; sourceTree = "<group>"; };
/* End PBXFileReference section */

/* Begin PBXFrameworksBuildPhase section */
		57DACD8620D48CCC009EFA5F /* Frameworks */ = {
			isa = PBXFrameworksBuildPhase;
			buildActionMask = 2147483647;
			files = (
			);
			runOnlyForDeploymentPostprocessing = 0;
		};
		57DACD9A20D48CCE009EFA5F /* Frameworks */ = {
			isa = PBXFrameworksBuildPhase;
			buildActionMask = 2147483647;
			files = (
			);
			runOnlyForDeploymentPostprocessing = 0;
		};
		57DACDA520D48CCE009EFA5F /* Frameworks */ = {
			isa = PBXFrameworksBuildPhase;
			buildActionMask = 2147483647;
			files = (
			);
			runOnlyForDeploymentPostprocessing = 0;
		};
/* End PBXFrameworksBuildPhase section */

/* Begin PBXGroup section */
		57DACD8020D48CCC009EFA5F = {
			isa = PBXGroup;
			children = (
				57DACD8B20D48CCC009EFA5F /* Projeto2 */,
				57DACDA020D48CCE009EFA5F /* Projeto2Tests */,
				57DACDAB20D48CCE009EFA5F /* Projeto2UITests */,
				57DACD8A20D48CCC009EFA5F /* Products */,
			);
			sourceTree = "<group>";
		};
		57DACD8A20D48CCC009EFA5F /* Products */ = {
			isa = PBXGroup;
			children = (
				57DACD8920D48CCC009EFA5F /* Projeto2.app */,
				57DACD9D20D48CCE009EFA5F /* Projeto2Tests.xctest */,
				57DACDA820D48CCE009EFA5F /* Projeto2UITests.xctest */,
			);
			name = Products;
			sourceTree = "<group>";
		};
		57DACD8B20D48CCC009EFA5F /* Projeto2 */ = {
			isa = PBXGroup;
			children = (
			);
			path = Projeto2;
			sourceTree = "<group>";
		};
		57DACDA020D48CCE009EFA5F /* Projeto2Tests */ = {
			isa = PBXGroup;
			children = (
				57DACDA120D48CCE009EFA5F /* Projeto2Tests.swift */,
				57DACDA320D48CCE009EFA5F /* Info.plist */,
			);
			path = Projeto2Tests;
			sourceTree = "<group>";
		};
		57DACDAB20D48CCE009EFA5F /* Projeto2UITests */ = {
			isa = PBXGroup;
			children = (
				57DACDAC20D48CCE009EFA5F /* Projeto2UITests.swift */,
				57DACDAE20D48CCE009EFA5F /* Info.plist */,
			);
			path = Projeto2UITests;
			sourceTree = "<group>";
		};
/* End PBXGroup section */

/* Begin PBXNativeTarget section */
		57DACD8820D48CCC009EFA5F /* Projeto2 */ = {
			isa = PBXNativeTarget;
			buildConfigurationList = 57DACDB120D48CCE009EFA5F /* Build configuration list for PBXNativeTarget "Projeto2" */;
			buildPhases = (
				57DACD8520D48CCC009EFA5F /* Sources */,
				57DACD8620D48CCC009EFA5F /* Frameworks */,
				57DACD8720D48CCC009EFA5F /* Resources */,
			);
			buildRules = (
			);
			dependencies = (
			);
			name = Projeto2;
			productName = Projeto2;
			productReference = 57DACD8920D48CCC009EFA5F /* Projeto2.app */;
			productType = "com.apple.product-type.application";
		};
		57DACD9C20D48CCE009EFA5F /* Projeto2Tests */ = {
			isa = PBXNativeTarget;
			buildConfigurationList = 57DACDB420D48CCE009EFA5F /* Build configuration list for PBXNativeTarget "Projeto2Tests" */;
			buildPhases = (
				57DACD9920D48CCE009EFA5F /* Sources */,
				57DACD9A20D48CCE009EFA5F /* Frameworks */,
				57DACD9B20D48CCE009EFA5F /* Resources */,
			);
			buildRules = (
			);
			dependencies = (
				57DACD9F20D48CCE009EFA5F /* PBXTargetDependency */,
			);
			name = Projeto2Tests;
			productName = Projeto2Tests;
			productReference = 57DACD9D20D48CCE009EFA5F /* Projeto2Tests.xctest */;
			productType = "com.apple.product-type.bundle.unit-test";
		};
		57DACDA720D48CCE009EFA5F /* Projeto2UITests */ = {
			isa = PBXNativeTarget;
			buildConfigurationList = 57DACDB720D48CCE009EFA5F /* Build configuration list for PBXNativeTarget "Projeto2UITests" */;
			buildPhases = (
				57DACDA420D48CCE009EFA5F /* Sources */,
				57DACDA520D48CCE009EFA5F /* Frameworks */,
				57DACDA620D48CCE009EFA5F /* Resources */,
			);
			buildRules = (
			);
			dependencies = (
				57DACDAA20D48CCE009EFA5F /* PBXTargetDependency */,
			);
			name = Projeto2UITests;
			productName = Projeto2UITests;
			productReference = 57DACDA820D48CCE009EFA5F /* Projeto2UITests.xctest */;
			productType = "com.apple.product-type.bundle.ui-testing";
		};
/* End PBXNativeTarget section */

/* Begin PBXProject section */
		57DACD8120D48CCC009EFA5F /* Project object */ = {
			isa = PBXProject;
			attributes = {
				LastSwiftUpdateCheck = 0930;
				LastUpgradeCheck = 0930;
				ORGANIZATIONNAME = aluno;
				TargetAttributes = {
					57DACD8820D48CCC009EFA5F = {
						CreatedOnToolsVersion = 9.3;
					};
					57DACD9C20D48CCE009EFA5F = {
						CreatedOnToolsVersion = 9.3;
						TestTargetID = 57DACD8820D48CCC009EFA5F;
					};
					57DACDA720D48CCE009EFA5F = {
						CreatedOnToolsVersion = 9.3;
						TestTargetID = 57DACD8820D48CCC009EFA5F;
					};
				};
			};
			buildConfigurationList = 57DACD8420D48CCC009EFA5F /* Build configuration list for PBXProject "Projeto2" */;
			compatibilityVersion = "Xcode 9.3";
			developmentRegion = en;
			hasScannedForEncodings = 0;
			knownRegions = (
				en,
				Base,
			);
			mainGroup = 57DACD8020D48CCC009EFA5F;
			productRefGroup = 57DACD8A20D48CCC009EFA5F /* Products */;
			projectDirPath = "";
			projectRoot = "";
			targets = (
				57DACD8820D48CCC009EFA5F /* Projeto2 */,
				57DACD9C20D48CCE009EFA5F /* Projeto2Tests */,
				57DACDA720D48CCE009EFA5F /* Projeto2UITests */,
			);
		};
/* End PBXProject section */

/* Begin PBXResourcesBuildPhase section */
		57DACD8720D48CCC009EFA5F /* Resources */ = {
			isa = PBXResourcesBuildPhase;
			buildActionMask = 2147483647;
			files = (
			);
			runOnlyForDeploymentPostprocessing = 0;
		};
		57DACD9B20D48CCE009EFA5F /* Resources */ = {
			isa = PBXResourcesBuildPhase;
			buildActionMask = 2147483647;
			files = (
			);
			runOnlyForDeploymentPostprocessing = 0;
		};
		57DACDA620D48CCE009EFA5F /* Resources */ = {
			isa = PBXResourcesBuildPhase;
			buildActionMask = 2147483647;
			files = (
			);
			runOnlyForDeploymentPostprocessing = 0;
		};
/* End PBXResourcesBuildPhase section */

/* Begin PBXSourcesBuildPhase section */
		57DACD8520D48CCC009EFA5F /* Sources */ = {
			isa = PBXSourcesBuildPhase;
			buildActionMask = 2147483647;
			files = (
			);
			runOnlyForDeploymentPostprocessing = 0;
		};
		57DACD9920D48CCE009EFA5F /* Sources */ = {
			isa = PBXSourcesBuildPhase;
			buildActionMask = 2147483647;
			files = (
				57DACDA220D48CCE009EFA5F /* Projeto2Tests.swift in Sources */,
			);
			runOnlyForDeploymentPostprocessing = 0;
		};
		57DACDA420D48CCE009EFA5F /* Sources */ = {
			isa = PBXSourcesBuildPhase;
			buildActionMask = 2147483647;
			files = (
				57DACDAD20D48CCE009EFA5F /* Projeto2UITests.swift in Sources */,
			);
			runOnlyForDeploymentPostprocessing = 0;
		};
/* End PBXSourcesBuildPhase section */

/* Begin PBXTargetDependency section */
		57DACD9F20D48CCE009EFA5F /* PBXTargetDependency */ = {
			isa = PBXTargetDependency;
			target = 57DACD8820D48CCC009EFA5F /* Projeto2 */;
			targetProxy = 57DACD9E20D48CCE009EFA5F /* PBXContainerItemProxy */;
		};
		57DACDAA20D48CCE009EFA5F /* PBXTargetDependency */ = {
			isa = PBXTargetDependency;
			target = 57DACD8820D48CCC009EFA5F /* Projeto2 */;
			targetProxy = 57DACDA920D48CCE009EFA5F /* PBXContainerItemProxy */;
		};
/* End PBXTargetDependency section */

/* Begin XCBuildConfiguration section */
		57DACDAF20D48CCE009EFA5F /* Debug */ = {
			isa = XCBuildConfiguration;
			buildSettings = {
				ALWAYS_SEARCH_USER_PATHS = NO;
				CLANG_ANALYZER_NONNULL = YES;
				CLANG_ANALYZER_NUMBER_OBJECT_CONVERSION = YES_AGGRESSIVE;
				CLANG_CXX_LANGUAGE_STANDARD = "gnu++14";
				CLANG_CXX_LIBRARY = "libc++";
				CLANG_ENABLE_MODULES = YES;
				CLANG_ENABLE_OBJC_ARC = YES;
				CLANG_ENABLE_OBJC_WEAK = YES;
				CLANG_WARN_BLOCK_CAPTURE_AUTORELEASING = YES;
				CLANG_WARN_BOOL_CONVERSION = YES;
				CLANG_WARN_COMMA = YES;
				CLANG_WARN_CONSTANT_CONVERSION = YES;
				CLANG_WARN_DEPRECATED_OBJC_IMPLEMENTATIONS = YES;
				CLANG_WARN_DIRECT_OBJC_ISA_USAGE = YES_ERROR;
				CLANG_WARN_DOCUMENTATION_COMMENTS = YES;
				CLANG_WARN_EMPTY_BODY = YES;
				CLANG_WARN_ENUM_CONVERSION = YES;
				CLANG_WARN_INFINITE_RECURSION = YES;
				CLANG_WARN_INT_CONVERSION = YES;
				CLANG_WARN_NON_LITERAL_NULL_CONVERSION = YES;
				CLANG_WARN_OBJC_IMPLICIT_RETAIN_SELF = YES;
				CLANG_WARN_OBJC_LITERAL_CONVERSION = YES;
				CLANG_WARN_OBJC_ROOT_CLASS = YES_ERROR;
				CLANG_WARN_RANGE_LOOP_ANALYSIS = YES;
				CLANG_WARN_STRICT_PROTOTYPES = YES;
				CLANG_WARN_SUSPICIOUS_MOVE = YES;
				CLANG_WARN_UNGUARDED_AVAILABILITY = YES_AGGRESSIVE;
				CLANG_WARN_UNREACHABLE_CODE = YES;
				CLANG_WARN__DUPLICATE_METHOD_MATCH = YES;
				CODE_SIGN_IDENTITY = "iPhone Developer";
				COPY_PHASE_STRIP = NO;
				DEBUG_INFORMATION_FORMAT = dwarf;
				ENABLE_STRICT_OBJC_MSGSEND = YES;
				ENABLE_TESTABILITY = YES;
				GCC_C_LANGUAGE_STANDARD = gnu11;
				GCC_DYNAMIC_NO_PIC = NO;
				GCC_NO_COMMON_BLOCKS = YES;
				GCC_OPTIMIZATION_LEVEL = 0;
				GCC_PREPROCESSOR_DEFINITIONS = (
					"DEBUG=1",
					"$(inherited)",
				);
				GCC_WARN_64_TO_32_BIT_CONVERSION = YES;
				GCC_WARN_ABOUT_RETURN_TYPE = YES_ERROR;
				GCC_WARN_UNDECLARED_SELECTOR = YES;
				GCC_WARN_UNINITIALIZED_AUTOS = YES_AGGRESSIVE;
				GCC_WARN_UNUSED_FUNCTION = YES;
				GCC_WARN_UNUSED_VARIABLE = YES;
				IPHONEOS_DEPLOYMENT_TARGET = 11.3;
				MTL_ENABLE_DEBUG_INFO = YES;
				ONLY_ACTIVE_ARCH = YES;
				SDKROOT = iphoneos;
				SWIFT_ACTIVE_COMPILATION_CONDITIONS = DEBUG;
				SWIFT_OPTIMIZATION_LEVEL = "-Onone";
			};
			name = Debug;
		};
		57DACDB020D48CCE009EFA5F /* Release */ = {
			isa = XCBuildConfiguration;
			buildSettings = {
				ALWAYS_SEARCH_USER_PATHS = NO;
				CLANG_ANALYZER_NONNULL = YES;
				CLANG_ANALYZER_NUMBER_OBJECT_CONVERSION = YES_AGGRESSIVE;
				CLANG_CXX_LANGUAGE_STANDARD = "gnu++14";
				CLANG_CXX_LIBRARY = "libc++";
				CLANG_ENABLE_MODULES = YES;
				CLANG_ENABLE_OBJC_ARC = YES;
				CLANG_ENABLE_OBJC_WEAK = YES;
				CLANG_WARN_BLOCK_CAPTURE_AUTORELEASING = YES;
				CLANG_WARN_BOOL_CONVERSION = YES;
				CLANG_WARN_COMMA = YES;
				CLANG_WARN_CONSTANT_CONVERSION = YES;
				CLANG_WARN_DEPRECATED_OBJC_IMPLEMENTATIONS = YES;
				CLANG_WARN_DIRECT_OBJC_ISA_USAGE = YES_ERROR;
				CLANG_WARN_DOCUMENTATION_COMMENTS = YES;
				CLANG_WARN_EMPTY_BODY = YES;
				CLANG_WARN_ENUM_CONVERSION = YES;
				CLANG_WARN_INFINITE_RECURSION = YES;
				CLANG_WARN_INT_CONVERSION = YES;
				CLANG_WARN_NON_LITERAL_NULL_CONVERSION = YES;
				CLANG_WARN_OBJC_IMPLICIT_RETAIN_SELF = YES;
				CLANG_WARN_OBJC_LITERAL_CONVERSION = YES;
				CLANG_WARN_OBJC_ROOT_CLASS = YES_ERROR;
				CLANG_WARN_RANGE_LOOP_ANALYSIS = YES;
				CLANG_WARN_STRICT_PROTOTYPES = YES;
				CLANG_WARN_SUSPICIOUS_MOVE = YES;
				CLANG_WARN_UNGUARDED_AVAILABILITY = YES_AGGRESSIVE;
				CLANG_WARN_UNREACHABLE_CODE = YES;
				CLANG_WARN__DUPLICATE_METHOD_MATCH = YES;
				CODE_SIGN_IDENTITY = "iPhone Developer";
				COPY_PHASE_STRIP = NO;
				DEBUG_INFORMATION_FORMAT = "dwarf-with-dsym";
				ENABLE_NS_ASSERTIONS = NO;
				ENABLE_STRICT_OBJC_MSGSEND = YES;
				GCC_C_LANGUAGE_STANDARD = gnu11;
				GCC_NO_COMMON_BLOCKS = YES;
				GCC_WARN_64_TO_32_BIT_CONVERSION = YES;
				GCC_WARN_ABOUT_RETURN_TYPE = YES_ERROR;
				GCC_WARN_UNDECLARED_SELECTOR = YES;
				GCC_WARN_UNINITIALIZED_AUTOS = YES_AGGRESSIVE;
				GCC_WARN_UNUSED_FUNCTION = YES;
				GCC_WARN_UNUSED_VARIABLE = YES;
				IPHONEOS_DEPLOYMENT_TARGET = 11.3;
				MTL_ENABLE_DEBUG_INFO = NO;
				SDKROOT = iphoneos;
				SWIFT_COMPILATION_MODE = wholemodule;
				SWIFT_OPTIMIZATION_LEVEL = "-O";
				VALIDATE_PRODUCT = YES;
			};
			name = Release;
		};
		57DACDB220D48CCE009EFA5F /* Debug */ = {
			isa = XCBuildConfiguration;
			buildSettings = {
				ASSETCATALOG_COMPILER_APPICON_NAME = AppIcon;
				CODE_SIGN_STYLE = Automatic;
				INFOPLIST_FILE = Projeto2/Info.plist;
				LD_RUNPATH_SEARCH_PATHS = (
					"$(inherited)",
					"@executable_path/Frameworks",
				);
				PRODUCT_BUNDLE_IDENTIFIER = br.com.campeosdascopas.Projeto2;
				PRODUCT_NAME = "$(TARGET_NAME)";
				SWIFT_VERSION = 4.0;
				TARGETED_DEVICE_FAMILY = "1,2";
			};
			name = Debug;
		};
		57DACDB320D48CCE009EFA5F /* Release */ = {
			isa = XCBuildConfiguration;
			buildSettings = {
				ASSETCATALOG_COMPILER_APPICON_NAME = AppIcon;
				CODE_SIGN_STYLE = Automatic;
				INFOPLIST_FILE = Projeto2/Info.plist;
				LD_RUNPATH_SEARCH_PATHS = (
					"$(inherited)",
					"@executable_path/Frameworks",
				);
				PRODUCT_BUNDLE_IDENTIFIER = br.com.campeosdascopas.Projeto2;
				PRODUCT_NAME = "$(TARGET_NAME)";
				SWIFT_VERSION = 4.0;
				TARGETED_DEVICE_FAMILY = "1,2";
			};
			name = Release;
		};
		57DACDB520D48CCE009EFA5F /* Debug */ = {
			isa = XCBuildConfiguration;
			buildSettings = {
				BUNDLE_LOADER = "$(TEST_HOST)";
				CODE_SIGN_STYLE = Automatic;
				INFOPLIST_FILE = Projeto2Tests/Info.plist;
				LD_RUNPATH_SEARCH_PATHS = (
					"$(inherited)",
					"@executable_path/Frameworks",
					"@loader_path/Frameworks",
				);
				PRODUCT_BUNDLE_IDENTIFIER = br.com.campeosdascopas.Projeto2Tests;
				PRODUCT_NAME = "$(TARGET_NAME)";
				SWIFT_VERSION = 4.0;
				TARGETED_DEVICE_FAMILY = "1,2";
				TEST_HOST = "$(BUILT_PRODUCTS_DIR)/Projeto2.app/Projeto2";
			};
			name = Debug;
		};
		57DACDB620D48CCE009EFA5F /* Release */ = {
			isa = XCBuildConfiguration;
			buildSettings = {
				BUNDLE_LOADER = "$(TEST_HOST)";
				CODE_SIGN_STYLE = Automatic;
				INFOPLIST_FILE = Projeto2Tests/Info.plist;
				LD_RUNPATH_SEARCH_PATHS = (
					"$(inherited)",
					"@executable_path/Frameworks",
					"@loader_path/Frameworks",
				);
				PRODUCT_BUNDLE_IDENTIFIER = br.com.campeosdascopas.Projeto2Tests;
				PRODUCT_NAME = "$(TARGET_NAME)";
				SWIFT_VERSION = 4.0;
				TARGETED_DEVICE_FAMILY = "1,2";
				TEST_HOST = "$(BUILT_PRODUCTS_DIR)/Projeto2.app/Projeto2";
			};
			name = Release;
		};
		57DACDB820D48CCE009EFA5F /* Debug */ = {
			isa = XCBuildConfiguration;
			buildSettings = {
				CODE_SIGN_STYLE = Automatic;
				INFOPLIST_FILE = Projeto2UITests/Info.plist;
				LD_RUNPATH_SEARCH_PATHS = (
					"$(inherited)",
					"@executable_path/Frameworks",
					"@loader_path/Frameworks",
				);
				PRODUCT_BUNDLE_IDENTIFIER = br.com.campeosdascopas.Projeto2UITests;
				PRODUCT_NAME = "$(TARGET_NAME)";
				SWIFT_VERSION = 4.0;
				TARGETED_DEVICE_FAMILY = "1,2";
				TEST_TARGET_NAME = Projeto2;
			};
			name = Debug;
		};
		57DACDB920D48CCE009EFA5F /* Release */ = {
			isa = XCBuildConfiguration;
			buildSettings = {
				CODE_SIGN_STYLE = Automatic;
				INFOPLIST_FILE = Projeto2UITests/Info.plist;
				LD_RUNPATH_SEARCH_PATHS = (
					"$(inherited)",
					"@executable_path/Frameworks",
					"@loader_path/Frameworks",
				);
				PRODUCT_BUNDLE_IDENTIFIER = br.com.campeosdascopas.Projeto2UITests;
				PRODUCT_NAME = "$(TARGET_NAME)";
				SWIFT_VERSION = 4.0;
				TARGETED_DEVICE_FAMILY = "1,2";
				TEST_TARGET_NAME = Projeto2;
			};
			name = Release;
		};
/* End XCBuildConfiguration section */

/* Begin XCConfigurationList section */
		57DACD8420D48CCC009EFA5F /* Build configuration list for PBXProject "Projeto2" */ = {
			isa = XCConfigurationList;
			buildConfigurations = (
				57DACDAF20D48CCE009EFA5F /* Debug */,
				57DACDB020D48CCE009EFA5F /* Release */,
			);
			defaultConfigurationIsVisible = 0;
			defaultConfigurationName = Release;
		};
		57DACDB120D48CCE009EFA5F /* Build configuration list for PBXNativeTarget "Projeto2" */ = {
			isa = XCConfigurationList;
			buildConfigurations = (
				57DACDB220D48CCE009EFA5F /* Debug */,
				57DACDB320D48CCE009EFA5F /* Release */,
			);
			defaultConfigurationIsVisible = 0;
			defaultConfigurationName = Release;
		};
		57DACDB420D48CCE009EFA5F /* Build configuration list for PBXNativeTarget "Projeto2Tests" */ = {
			isa = XCConfigurationList;
			buildConfigurations = (
				57DACDB520D48CCE009EFA5F /* Debug */,
				57DACDB620D48CCE009EFA5F /* Release */,
			);
			defaultConfigurationIsVisible = 0;
			defaultConfigurationName = Release;
		};
		57DACDB720D48CCE009EFA5F /* Build configuration list for PBXNativeTarget "Projeto2UITests" */ = {
			isa = XCConfigurationList;
			buildConfigurations = (
				57DACDB820D48CCE009EFA5F /* Debug */,
				57DACDB920D48CCE009EFA5F /* Release */,
			);
			defaultConfigurationIsVisible = 0;
			defaultConfigurationName = Release;
		};
/* End XCConfigurationList section */
	};
	rootObject = 57DACD8120D48CCC009EFA5F /* Project object */;
}
